{
    "version": 3,
    "terraform_version": "0.11.8",
    "serial": 31,
    "lineage": "e27b50c0-ed20-dda1-2c21-8fff58295cde",
    "modules": [
        {
            "path": [
                "root"
            ],
            "outputs": {},
            "resources": {
                "azurerm_network_interface.myterraformnic1.0": {
                    "type": "azurerm_network_interface",
                    "depends_on": [
                        "azurerm_network_security_group.myterraformnsg1",
                        "azurerm_public_ip.myterraformpublicip1.*",
                        "azurerm_resource_group.myterraformgroup",
                        "azurerm_subnet.myterraformsubnet"
                    ],
                    "primary": {
                        "id": "/subscriptions/483e3fb6-7be5-4715-b41c-f1f8f7d2dd2a/resourceGroups/myResourceGroup/providers/Microsoft.Network/networkInterfaces/myNIC10",
                        "attributes": {
                            "applied_dns_servers.#": "0",
                            "dns_servers.#": "0",
                            "enable_accelerated_networking": "false",
                            "enable_ip_forwarding": "false",
                            "id": "/subscriptions/483e3fb6-7be5-4715-b41c-f1f8f7d2dd2a/resourceGroups/myResourceGroup/providers/Microsoft.Network/networkInterfaces/myNIC10",
                            "internal_dns_name_label": "",
                            "internal_fqdn": "",
                            "ip_configuration.#": "1",
                            "ip_configuration.0.application_gateway_backend_address_pools_ids.#": "0",
                            "ip_configuration.0.application_security_group_ids.#": "0",
                            "ip_configuration.0.load_balancer_backend_address_pools_ids.#": "0",
                            "ip_configuration.0.load_balancer_inbound_nat_rules_ids.#": "0",
                            "ip_configuration.0.name": "myNicConfiguration",
                            "ip_configuration.0.primary": "true",
                            "ip_configuration.0.private_ip_address": "10.0.2.5",
                            "ip_configuration.0.private_ip_address_allocation": "static",
                            "ip_configuration.0.public_ip_address_id": "/subscriptions/483e3fb6-7be5-4715-b41c-f1f8f7d2dd2a/resourceGroups/myResourceGroup/providers/Microsoft.Network/publicIPAddresses/myPublicIP10",
                            "ip_configuration.0.subnet_id": "/subscriptions/483e3fb6-7be5-4715-b41c-f1f8f7d2dd2a/resourceGroups/myResourceGroup/providers/Microsoft.Network/virtualNetworks/myVnet1/subnets/mySubnet",
                            "location": "eastus",
                            "mac_address": "00-0D-3A-1B-4E-08",
                            "name": "myNIC10",
                            "network_security_group_id": "/subscriptions/483e3fb6-7be5-4715-b41c-f1f8f7d2dd2a/resourceGroups/myResourceGroup/providers/Microsoft.Network/networkSecurityGroups/myNetworkSecurityGroup1",
                            "private_ip_address": "10.0.2.5",
                            "private_ip_addresses.#": "1",
                            "private_ip_addresses.0": "10.0.2.5",
                            "resource_group_name": "myResourceGroup",
                            "tags.%": "1",
                            "tags.environment": "Terraform Demo",
                            "virtual_machine_id": "/subscriptions/483e3fb6-7be5-4715-b41c-f1f8f7d2dd2a/resourceGroups/myResourceGroup/providers/Microsoft.Compute/virtualMachines/myVM10"
                        },
                        "meta": {},
                        "tainted": false
                    },
                    "deposed": [],
                    "provider": "provider.azurerm"
                },
                "azurerm_network_interface.myterraformnic1.1": {
                    "type": "azurerm_network_interface",
                    "depends_on": [
                        "azurerm_network_security_group.myterraformnsg1",
                        "azurerm_public_ip.myterraformpublicip1.*",
                        "azurerm_resource_group.myterraformgroup",
                        "azurerm_subnet.myterraformsubnet"
                    ],
                    "primary": {
                        "id": "/subscriptions/483e3fb6-7be5-4715-b41c-f1f8f7d2dd2a/resourceGroups/myResourceGroup/providers/Microsoft.Network/networkInterfaces/myNIC11",
                        "attributes": {
                            "applied_dns_servers.#": "0",
                            "dns_servers.#": "0",
                            "enable_accelerated_networking": "false",
                            "enable_ip_forwarding": "false",
                            "id": "/subscriptions/483e3fb6-7be5-4715-b41c-f1f8f7d2dd2a/resourceGroups/myResourceGroup/providers/Microsoft.Network/networkInterfaces/myNIC11",
                            "internal_dns_name_label": "",
                            "internal_fqdn": "",
                            "ip_configuration.#": "1",
                            "ip_configuration.0.application_gateway_backend_address_pools_ids.#": "0",
                            "ip_configuration.0.application_security_group_ids.#": "0",
                            "ip_configuration.0.load_balancer_backend_address_pools_ids.#": "0",
                            "ip_configuration.0.load_balancer_inbound_nat_rules_ids.#": "0",
                            "ip_configuration.0.name": "myNicConfiguration",
                            "ip_configuration.0.primary": "true",
                            "ip_configuration.0.private_ip_address": "10.0.2.6",
                            "ip_configuration.0.private_ip_address_allocation": "static",
                            "ip_configuration.0.public_ip_address_id": "/subscriptions/483e3fb6-7be5-4715-b41c-f1f8f7d2dd2a/resourceGroups/myResourceGroup/providers/Microsoft.Network/publicIPAddresses/myPublicIP11",
                            "ip_configuration.0.subnet_id": "/subscriptions/483e3fb6-7be5-4715-b41c-f1f8f7d2dd2a/resourceGroups/myResourceGroup/providers/Microsoft.Network/virtualNetworks/myVnet1/subnets/mySubnet",
                            "location": "eastus",
                            "mac_address": "00-0D-3A-19-4C-9E",
                            "name": "myNIC11",
                            "network_security_group_id": "/subscriptions/483e3fb6-7be5-4715-b41c-f1f8f7d2dd2a/resourceGroups/myResourceGroup/providers/Microsoft.Network/networkSecurityGroups/myNetworkSecurityGroup1",
                            "private_ip_address": "10.0.2.6",
                            "private_ip_addresses.#": "1",
                            "private_ip_addresses.0": "10.0.2.6",
                            "resource_group_name": "myResourceGroup",
                            "tags.%": "1",
                            "tags.environment": "Terraform Demo",
                            "virtual_machine_id": "/subscriptions/483e3fb6-7be5-4715-b41c-f1f8f7d2dd2a/resourceGroups/myResourceGroup/providers/Microsoft.Compute/virtualMachines/myVM11"
                        },
                        "meta": {},
                        "tainted": false
                    },
                    "deposed": [],
                    "provider": "provider.azurerm"
                },
                "azurerm_network_interface.myterraformnic1.2": {
                    "type": "azurerm_network_interface",
                    "depends_on": [
                        "azurerm_network_security_group.myterraformnsg1",
                        "azurerm_public_ip.myterraformpublicip1.*",
                        "azurerm_resource_group.myterraformgroup",
                        "azurerm_subnet.myterraformsubnet"
                    ],
                    "primary": {
                        "id": "/subscriptions/483e3fb6-7be5-4715-b41c-f1f8f7d2dd2a/resourceGroups/myResourceGroup/providers/Microsoft.Network/networkInterfaces/myNIC12",
                        "attributes": {
                            "applied_dns_servers.#": "0",
                            "dns_servers.#": "0",
                            "enable_accelerated_networking": "false",
                            "enable_ip_forwarding": "false",
                            "id": "/subscriptions/483e3fb6-7be5-4715-b41c-f1f8f7d2dd2a/resourceGroups/myResourceGroup/providers/Microsoft.Network/networkInterfaces/myNIC12",
                            "internal_dns_name_label": "",
                            "internal_fqdn": "",
                            "ip_configuration.#": "1",
                            "ip_configuration.0.application_gateway_backend_address_pools_ids.#": "0",
                            "ip_configuration.0.application_security_group_ids.#": "0",
                            "ip_configuration.0.load_balancer_backend_address_pools_ids.#": "0",
                            "ip_configuration.0.load_balancer_inbound_nat_rules_ids.#": "0",
                            "ip_configuration.0.name": "myNicConfiguration",
                            "ip_configuration.0.primary": "true",
                            "ip_configuration.0.private_ip_address": "10.0.2.7",
                            "ip_configuration.0.private_ip_address_allocation": "static",
                            "ip_configuration.0.public_ip_address_id": "/subscriptions/483e3fb6-7be5-4715-b41c-f1f8f7d2dd2a/resourceGroups/myResourceGroup/providers/Microsoft.Network/publicIPAddresses/myPublicIP12",
                            "ip_configuration.0.subnet_id": "/subscriptions/483e3fb6-7be5-4715-b41c-f1f8f7d2dd2a/resourceGroups/myResourceGroup/providers/Microsoft.Network/virtualNetworks/myVnet1/subnets/mySubnet",
                            "location": "eastus",
                            "mac_address": "00-0D-3A-1B-47-D6",
                            "name": "myNIC12",
                            "network_security_group_id": "/subscriptions/483e3fb6-7be5-4715-b41c-f1f8f7d2dd2a/resourceGroups/myResourceGroup/providers/Microsoft.Network/networkSecurityGroups/myNetworkSecurityGroup1",
                            "private_ip_address": "10.0.2.7",
                            "private_ip_addresses.#": "1",
                            "private_ip_addresses.0": "10.0.2.7",
                            "resource_group_name": "myResourceGroup",
                            "tags.%": "1",
                            "tags.environment": "Terraform Demo",
                            "virtual_machine_id": "/subscriptions/483e3fb6-7be5-4715-b41c-f1f8f7d2dd2a/resourceGroups/myResourceGroup/providers/Microsoft.Compute/virtualMachines/myVM12"
                        },
                        "meta": {},
                        "tainted": false
                    },
                    "deposed": [],
                    "provider": "provider.azurerm"
                },
                "azurerm_network_interface.myterraformnic5": {
                    "type": "azurerm_network_interface",
                    "depends_on": [
                        "azurerm_network_security_group.myterraformnsg5",
                        "azurerm_public_ip.myterraformpublicip5",
                        "azurerm_resource_group.myterraformgroup5",
                        "azurerm_subnet.myterraformsubnet5"
                    ],
                    "primary": {
                        "id": "/subscriptions/483e3fb6-7be5-4715-b41c-f1f8f7d2dd2a/resourceGroups/myResourceGroup5/providers/Microsoft.Network/networkInterfaces/myNIC5",
                        "attributes": {
                            "applied_dns_servers.#": "0",
                            "dns_servers.#": "0",
                            "enable_accelerated_networking": "false",
                            "enable_ip_forwarding": "false",
                            "id": "/subscriptions/483e3fb6-7be5-4715-b41c-f1f8f7d2dd2a/resourceGroups/myResourceGroup5/providers/Microsoft.Network/networkInterfaces/myNIC5",
                            "internal_dns_name_label": "",
                            "internal_fqdn": "",
                            "ip_configuration.#": "1",
                            "ip_configuration.0.application_gateway_backend_address_pools_ids.#": "0",
                            "ip_configuration.0.application_security_group_ids.#": "0",
                            "ip_configuration.0.load_balancer_backend_address_pools_ids.#": "0",
                            "ip_configuration.0.load_balancer_inbound_nat_rules_ids.#": "0",
                            "ip_configuration.0.name": "myNicConfiguration5",
                            "ip_configuration.0.primary": "true",
                            "ip_configuration.0.private_ip_address": "10.0.2.8",
                            "ip_configuration.0.private_ip_address_allocation": "static",
                            "ip_configuration.0.public_ip_address_id": "/subscriptions/483e3fb6-7be5-4715-b41c-f1f8f7d2dd2a/resourceGroups/myResourceGroup/providers/Microsoft.Network/publicIPAddresses/myPublicIP5",
                            "ip_configuration.0.subnet_id": "/subscriptions/483e3fb6-7be5-4715-b41c-f1f8f7d2dd2a/resourceGroups/myResourceGroup5/providers/Microsoft.Network/virtualNetworks/myVnet1/subnets/mySubnet5",
                            "location": "westindia",
                            "mac_address": "00-0D-3A-F1-15-32",
                            "name": "myNIC5",
                            "network_security_group_id": "/subscriptions/483e3fb6-7be5-4715-b41c-f1f8f7d2dd2a/resourceGroups/myResourceGroup5/providers/Microsoft.Network/networkSecurityGroups/myNetworkSecurityGroup5",
                            "private_ip_address": "10.0.2.8",
                            "private_ip_addresses.#": "1",
                            "private_ip_addresses.0": "10.0.2.8",
                            "resource_group_name": "myResourceGroup5",
                            "tags.%": "1",
                            "tags.environment": "Terraform Demo5",
                            "virtual_machine_id": "/subscriptions/483e3fb6-7be5-4715-b41c-f1f8f7d2dd2a/resourceGroups/myResourceGroup5/providers/Microsoft.Compute/virtualMachines/myVM5"
                        },
                        "meta": {},
                        "tainted": false
                    },
                    "deposed": [],
                    "provider": "provider.azurerm"
                },
                "azurerm_network_security_group.myterraformnsg1": {
                    "type": "azurerm_network_security_group",
                    "depends_on": [
                        "azurerm_resource_group.myterraformgroup"
                    ],
                    "primary": {
                        "id": "/subscriptions/483e3fb6-7be5-4715-b41c-f1f8f7d2dd2a/resourceGroups/myResourceGroup/providers/Microsoft.Network/networkSecurityGroups/myNetworkSecurityGroup1",
                        "attributes": {
                            "id": "/subscriptions/483e3fb6-7be5-4715-b41c-f1f8f7d2dd2a/resourceGroups/myResourceGroup/providers/Microsoft.Network/networkSecurityGroups/myNetworkSecurityGroup1",
                            "location": "eastus",
                            "name": "myNetworkSecurityGroup1",
                            "resource_group_name": "myResourceGroup",
                            "security_rule.#": "1",
                            "security_rule.2090309246.access": "Allow",
                            "security_rule.2090309246.description": "",
                            "security_rule.2090309246.destination_address_prefix": "*",
                            "security_rule.2090309246.destination_address_prefixes.#": "0",
                            "security_rule.2090309246.destination_application_security_group_ids.#": "0",
                            "security_rule.2090309246.destination_port_range": "22",
                            "security_rule.2090309246.destination_port_ranges.#": "0",
                            "security_rule.2090309246.direction": "Inbound",
                            "security_rule.2090309246.name": "SSH",
                            "security_rule.2090309246.priority": "1001",
                            "security_rule.2090309246.protocol": "Tcp",
                            "security_rule.2090309246.source_address_prefix": "*",
                            "security_rule.2090309246.source_address_prefixes.#": "0",
                            "security_rule.2090309246.source_application_security_group_ids.#": "0",
                            "security_rule.2090309246.source_port_range": "*",
                            "security_rule.2090309246.source_port_ranges.#": "0",
                            "tags.%": "1",
                            "tags.environment": "Terraform Demo"
                        },
                        "meta": {},
                        "tainted": false
                    },
                    "deposed": [],
                    "provider": "provider.azurerm"
                },
                "azurerm_network_security_group.myterraformnsg5": {
                    "type": "azurerm_network_security_group",
                    "depends_on": [
                        "azurerm_resource_group.myterraformgroup5"
                    ],
                    "primary": {
                        "id": "/subscriptions/483e3fb6-7be5-4715-b41c-f1f8f7d2dd2a/resourceGroups/myResourceGroup5/providers/Microsoft.Network/networkSecurityGroups/myNetworkSecurityGroup5",
                        "attributes": {
                            "id": "/subscriptions/483e3fb6-7be5-4715-b41c-f1f8f7d2dd2a/resourceGroups/myResourceGroup5/providers/Microsoft.Network/networkSecurityGroups/myNetworkSecurityGroup5",
                            "location": "westindia",
                            "name": "myNetworkSecurityGroup5",
                            "resource_group_name": "myResourceGroup5",
                            "security_rule.#": "1",
                            "security_rule.2090309246.access": "Allow",
                            "security_rule.2090309246.description": "",
                            "security_rule.2090309246.destination_address_prefix": "*",
                            "security_rule.2090309246.destination_address_prefixes.#": "0",
                            "security_rule.2090309246.destination_application_security_group_ids.#": "0",
                            "security_rule.2090309246.destination_port_range": "22",
                            "security_rule.2090309246.destination_port_ranges.#": "0",
                            "security_rule.2090309246.direction": "Inbound",
                            "security_rule.2090309246.name": "SSH",
                            "security_rule.2090309246.priority": "1001",
                            "security_rule.2090309246.protocol": "Tcp",
                            "security_rule.2090309246.source_address_prefix": "*",
                            "security_rule.2090309246.source_address_prefixes.#": "0",
                            "security_rule.2090309246.source_application_security_group_ids.#": "0",
                            "security_rule.2090309246.source_port_range": "*",
                            "security_rule.2090309246.source_port_ranges.#": "0",
                            "tags.%": "1",
                            "tags.environment": "Terraform Demo5"
                        },
                        "meta": {},
                        "tainted": false
                    },
                    "deposed": [],
                    "provider": "provider.azurerm"
                },
                "azurerm_public_ip.myterraformpublicip1.0": {
                    "type": "azurerm_public_ip",
                    "depends_on": [
                        "azurerm_resource_group.myterraformgroup"
                    ],
                    "primary": {
                        "id": "/subscriptions/483e3fb6-7be5-4715-b41c-f1f8f7d2dd2a/resourceGroups/myResourceGroup/providers/Microsoft.Network/publicIPAddresses/myPublicIP10",
                        "attributes": {
                            "id": "/subscriptions/483e3fb6-7be5-4715-b41c-f1f8f7d2dd2a/resourceGroups/myResourceGroup/providers/Microsoft.Network/publicIPAddresses/myPublicIP10",
                            "ip_address": "104.211.51.169",
                            "location": "eastus",
                            "name": "myPublicIP10",
                            "public_ip_address_allocation": "static",
                            "resource_group_name": "myResourceGroup",
                            "sku": "Basic",
                            "tags.%": "1",
                            "tags.environment": "Terraform Demo",
                            "zones.#": "0"
                        },
                        "meta": {},
                        "tainted": false
                    },
                    "deposed": [],
                    "provider": "provider.azurerm"
                },
                "azurerm_public_ip.myterraformpublicip1.1": {
                    "type": "azurerm_public_ip",
                    "depends_on": [
                        "azurerm_resource_group.myterraformgroup"
                    ],
                    "primary": {
                        "id": "/subscriptions/483e3fb6-7be5-4715-b41c-f1f8f7d2dd2a/resourceGroups/myResourceGroup/providers/Microsoft.Network/publicIPAddresses/myPublicIP11",
                        "attributes": {
                            "id": "/subscriptions/483e3fb6-7be5-4715-b41c-f1f8f7d2dd2a/resourceGroups/myResourceGroup/providers/Microsoft.Network/publicIPAddresses/myPublicIP11",
                            "ip_address": "104.211.54.95",
                            "location": "eastus",
                            "name": "myPublicIP11",
                            "public_ip_address_allocation": "static",
                            "resource_group_name": "myResourceGroup",
                            "sku": "Basic",
                            "tags.%": "1",
                            "tags.environment": "Terraform Demo",
                            "zones.#": "0"
                        },
                        "meta": {},
                        "tainted": false
                    },
                    "deposed": [],
                    "provider": "provider.azurerm"
                },
                "azurerm_public_ip.myterraformpublicip1.2": {
                    "type": "azurerm_public_ip",
                    "depends_on": [
                        "azurerm_resource_group.myterraformgroup"
                    ],
                    "primary": {
                        "id": "/subscriptions/483e3fb6-7be5-4715-b41c-f1f8f7d2dd2a/resourceGroups/myResourceGroup/providers/Microsoft.Network/publicIPAddresses/myPublicIP12",
                        "attributes": {
                            "id": "/subscriptions/483e3fb6-7be5-4715-b41c-f1f8f7d2dd2a/resourceGroups/myResourceGroup/providers/Microsoft.Network/publicIPAddresses/myPublicIP12",
                            "ip_address": "104.211.49.110",
                            "location": "eastus",
                            "name": "myPublicIP12",
                            "public_ip_address_allocation": "static",
                            "resource_group_name": "myResourceGroup",
                            "sku": "Basic",
                            "tags.%": "1",
                            "tags.environment": "Terraform Demo",
                            "zones.#": "0"
                        },
                        "meta": {},
                        "tainted": false
                    },
                    "deposed": [],
                    "provider": "provider.azurerm"
                },
                "azurerm_public_ip.myterraformpublicip5": {
                    "type": "azurerm_public_ip",
                    "depends_on": [
                        "azurerm_resource_group.myterraformgroup"
                    ],
                    "primary": {
                        "id": "/subscriptions/483e3fb6-7be5-4715-b41c-f1f8f7d2dd2a/resourceGroups/myResourceGroup/providers/Microsoft.Network/publicIPAddresses/myPublicIP5",
                        "attributes": {
                            "id": "/subscriptions/483e3fb6-7be5-4715-b41c-f1f8f7d2dd2a/resourceGroups/myResourceGroup/providers/Microsoft.Network/publicIPAddresses/myPublicIP5",
                            "ip_address": "104.211.163.225",
                            "location": "westindia",
                            "name": "myPublicIP5",
                            "public_ip_address_allocation": "dynamic",
                            "resource_group_name": "myResourceGroup",
                            "sku": "Basic",
                            "tags.%": "1",
                            "tags.environment": "Terraform Demo5",
                            "zones.#": "0"
                        },
                        "meta": {},
                        "tainted": false
                    },
                    "deposed": [],
                    "provider": "provider.azurerm"
                },
                "azurerm_resource_group.myterraformgroup": {
                    "type": "azurerm_resource_group",
                    "depends_on": [],
                    "primary": {
                        "id": "/subscriptions/483e3fb6-7be5-4715-b41c-f1f8f7d2dd2a/resourceGroups/myResourceGroup",
                        "attributes": {
                            "id": "/subscriptions/483e3fb6-7be5-4715-b41c-f1f8f7d2dd2a/resourceGroups/myResourceGroup",
                            "location": "eastus",
                            "name": "myResourceGroup",
                            "tags.%": "1",
                            "tags.environment": "Terraform Demo"
                        },
                        "meta": {},
                        "tainted": false
                    },
                    "deposed": [],
                    "provider": "provider.azurerm"
                },
                "azurerm_resource_group.myterraformgroup5": {
                    "type": "azurerm_resource_group",
                    "depends_on": [],
                    "primary": {
                        "id": "/subscriptions/483e3fb6-7be5-4715-b41c-f1f8f7d2dd2a/resourceGroups/myResourceGroup5",
                        "attributes": {
                            "id": "/subscriptions/483e3fb6-7be5-4715-b41c-f1f8f7d2dd2a/resourceGroups/myResourceGroup5",
                            "location": "westindia",
                            "name": "myResourceGroup5",
                            "tags.%": "1",
                            "tags.environment": "Terraform Demo5"
                        },
                        "meta": {},
                        "tainted": false
                    },
                    "deposed": [],
                    "provider": "provider.azurerm"
                },
                "azurerm_storage_account.mystorageaccount": {
                    "type": "azurerm_storage_account",
                    "depends_on": [
                        "azurerm_resource_group.myterraformgroup",
                        "random_id.randomId"
                    ],
                    "primary": {
                        "id": "/subscriptions/483e3fb6-7be5-4715-b41c-f1f8f7d2dd2a/resourceGroups/myResourceGroup/providers/Microsoft.Storage/storageAccounts/diag2b1585ef7248f411",
                        "attributes": {
                            "access_tier": "",
                            "account_encryption_source": "Microsoft.Storage",
                            "account_kind": "Storage",
                            "account_replication_type": "LRS",
                            "account_tier": "Standard",
                            "account_type": "Standard_LRS",
                            "enable_blob_encryption": "true",
                            "enable_file_encryption": "true",
                            "enable_https_traffic_only": "false",
                            "id": "/subscriptions/483e3fb6-7be5-4715-b41c-f1f8f7d2dd2a/resourceGroups/myResourceGroup/providers/Microsoft.Storage/storageAccounts/diag2b1585ef7248f411",
                            "identity.#": "0",
                            "location": "eastus",
                            "name": "diag2b1585ef7248f411",
                            "network_rules.#": "0",
                            "primary_access_key": "lzXPyUXsl9q5352c4iLc5GV8Zn8uKFCYgspAaoWACwHLjN47ckRPx+og1Y9ZS928P2YvkiEWvKPD134l6HFCyw==",
                            "primary_blob_connection_string": "DefaultEndpointsProtocol=https;BlobEndpoint=https://diag2b1585ef7248f411.blob.core.windows.net/;AccountName=diag2b1585ef7248f411;AccountKey=lzXPyUXsl9q5352c4iLc5GV8Zn8uKFCYgspAaoWACwHLjN47ckRPx+og1Y9ZS928P2YvkiEWvKPD134l6HFCyw==",
                            "primary_blob_endpoint": "https://diag2b1585ef7248f411.blob.core.windows.net/",
                            "primary_connection_string": "DefaultEndpointsProtocol=https;AccountName=diag2b1585ef7248f411;AccountKey=lzXPyUXsl9q5352c4iLc5GV8Zn8uKFCYgspAaoWACwHLjN47ckRPx+og1Y9ZS928P2YvkiEWvKPD134l6HFCyw==;EndpointSuffix=core.windows.net",
                            "primary_file_endpoint": "https://diag2b1585ef7248f411.file.core.windows.net/",
                            "primary_location": "eastus",
                            "primary_queue_endpoint": "https://diag2b1585ef7248f411.queue.core.windows.net/",
                            "primary_table_endpoint": "https://diag2b1585ef7248f411.table.core.windows.net/",
                            "resource_group_name": "myResourceGroup",
                            "secondary_access_key": "s9jXJimc+yzs+muf8UmULWPwjem6mmKaAX8rUnD5vAXR1wurRkxdgr86JqNVTnOJK7WZjcAI8TpPctVZgTvj3g==",
                            "secondary_connection_string": "DefaultEndpointsProtocol=https;AccountName=diag2b1585ef7248f411;AccountKey=s9jXJimc+yzs+muf8UmULWPwjem6mmKaAX8rUnD5vAXR1wurRkxdgr86JqNVTnOJK7WZjcAI8TpPctVZgTvj3g==;EndpointSuffix=core.windows.net",
                            "secondary_location": "",
                            "tags.%": "1",
                            "tags.environment": "Terraform Demo"
                        },
                        "meta": {
                            "schema_version": "2"
                        },
                        "tainted": false
                    },
                    "deposed": [],
                    "provider": "provider.azurerm"
                },
                "azurerm_storage_account.mystorageaccount5": {
                    "type": "azurerm_storage_account",
                    "depends_on": [
                        "azurerm_resource_group.myterraformgroup5",
                        "random_id.randomId5"
                    ],
                    "primary": {
                        "id": "/subscriptions/483e3fb6-7be5-4715-b41c-f1f8f7d2dd2a/resourceGroups/myResourceGroup5/providers/Microsoft.Storage/storageAccounts/diag619fba6b486c4183",
                        "attributes": {
                            "access_tier": "",
                            "account_encryption_source": "Microsoft.Storage",
                            "account_kind": "Storage",
                            "account_replication_type": "LRS",
                            "account_tier": "Standard",
                            "account_type": "Standard_LRS",
                            "enable_blob_encryption": "true",
                            "enable_file_encryption": "true",
                            "enable_https_traffic_only": "false",
                            "id": "/subscriptions/483e3fb6-7be5-4715-b41c-f1f8f7d2dd2a/resourceGroups/myResourceGroup5/providers/Microsoft.Storage/storageAccounts/diag619fba6b486c4183",
                            "identity.#": "0",
                            "location": "westindia",
                            "name": "diag619fba6b486c4183",
                            "network_rules.#": "0",
                            "primary_access_key": "Vsou5o4h0SYXVM2+wtT8Mw6xzApwyS+UoQiG73N31KSUcu3Wl1Dbf1Jpy1AkH6GA60BznnNJG5hxb/P0t1Gd5A==",
                            "primary_blob_connection_string": "DefaultEndpointsProtocol=https;BlobEndpoint=https://diag619fba6b486c4183.blob.core.windows.net/;AccountName=diag619fba6b486c4183;AccountKey=Vsou5o4h0SYXVM2+wtT8Mw6xzApwyS+UoQiG73N31KSUcu3Wl1Dbf1Jpy1AkH6GA60BznnNJG5hxb/P0t1Gd5A==",
                            "primary_blob_endpoint": "https://diag619fba6b486c4183.blob.core.windows.net/",
                            "primary_connection_string": "DefaultEndpointsProtocol=https;AccountName=diag619fba6b486c4183;AccountKey=Vsou5o4h0SYXVM2+wtT8Mw6xzApwyS+UoQiG73N31KSUcu3Wl1Dbf1Jpy1AkH6GA60BznnNJG5hxb/P0t1Gd5A==;EndpointSuffix=core.windows.net",
                            "primary_file_endpoint": "https://diag619fba6b486c4183.file.core.windows.net/",
                            "primary_location": "westindia",
                            "primary_queue_endpoint": "https://diag619fba6b486c4183.queue.core.windows.net/",
                            "primary_table_endpoint": "https://diag619fba6b486c4183.table.core.windows.net/",
                            "resource_group_name": "myResourceGroup5",
                            "secondary_access_key": "3g478Sut3VOfJ7pE150AntRlNR5zns88qa+pH+2+OPYRHlWFRPrijVkMbjbflOqtYEnZYLIxkbLoNvWbDL1Ofg==",
                            "secondary_connection_string": "DefaultEndpointsProtocol=https;AccountName=diag619fba6b486c4183;AccountKey=3g478Sut3VOfJ7pE150AntRlNR5zns88qa+pH+2+OPYRHlWFRPrijVkMbjbflOqtYEnZYLIxkbLoNvWbDL1Ofg==;EndpointSuffix=core.windows.net",
                            "secondary_location": "",
                            "tags.%": "1",
                            "tags.environment": "Terraform Demo5"
                        },
                        "meta": {
                            "schema_version": "2"
                        },
                        "tainted": false
                    },
                    "deposed": [],
                    "provider": "provider.azurerm"
                },
                "azurerm_subnet.myterraformsubnet": {
                    "type": "azurerm_subnet",
                    "depends_on": [
                        "azurerm_resource_group.myterraformgroup",
                        "azurerm_virtual_network.myterraformnetwork"
                    ],
                    "primary": {
                        "id": "/subscriptions/483e3fb6-7be5-4715-b41c-f1f8f7d2dd2a/resourceGroups/myResourceGroup/providers/Microsoft.Network/virtualNetworks/myVnet1/subnets/mySubnet",
                        "attributes": {
                            "address_prefix": "10.0.2.0/24",
                            "id": "/subscriptions/483e3fb6-7be5-4715-b41c-f1f8f7d2dd2a/resourceGroups/myResourceGroup/providers/Microsoft.Network/virtualNetworks/myVnet1/subnets/mySubnet",
                            "ip_configurations.#": "3",
                            "ip_configurations.1427744804": "/subscriptions/483e3fb6-7be5-4715-b41c-f1f8f7d2dd2a/resourceGroups/myResourceGroup/providers/Microsoft.Network/networkInterfaces/myNIC11/ipConfigurations/myNicConfiguration",
                            "ip_configurations.259561284": "/subscriptions/483e3fb6-7be5-4715-b41c-f1f8f7d2dd2a/resourceGroups/myResourceGroup/providers/Microsoft.Network/networkInterfaces/myNIC12/ipConfigurations/myNicConfiguration",
                            "ip_configurations.3588865851": "/subscriptions/483e3fb6-7be5-4715-b41c-f1f8f7d2dd2a/resourceGroups/myResourceGroup/providers/Microsoft.Network/networkInterfaces/myNIC10/ipConfigurations/myNicConfiguration",
                            "name": "mySubnet",
                            "resource_group_name": "myResourceGroup",
                            "service_endpoints.#": "0",
                            "virtual_network_name": "myVnet1"
                        },
                        "meta": {},
                        "tainted": false
                    },
                    "deposed": [],
                    "provider": "provider.azurerm"
                },
                "azurerm_subnet.myterraformsubnet5": {
                    "type": "azurerm_subnet",
                    "depends_on": [
                        "azurerm_resource_group.myterraformgroup5",
                        "azurerm_virtual_network.myterraformnetwork5"
                    ],
                    "primary": {
                        "id": "/subscriptions/483e3fb6-7be5-4715-b41c-f1f8f7d2dd2a/resourceGroups/myResourceGroup5/providers/Microsoft.Network/virtualNetworks/myVnet1/subnets/mySubnet5",
                        "attributes": {
                            "address_prefix": "10.0.2.0/24",
                            "id": "/subscriptions/483e3fb6-7be5-4715-b41c-f1f8f7d2dd2a/resourceGroups/myResourceGroup5/providers/Microsoft.Network/virtualNetworks/myVnet1/subnets/mySubnet5",
                            "ip_configurations.#": "1",
                            "ip_configurations.2854151553": "/subscriptions/483e3fb6-7be5-4715-b41c-f1f8f7d2dd2a/resourceGroups/myResourceGroup5/providers/Microsoft.Network/networkInterfaces/myNIC5/ipConfigurations/myNicConfiguration5",
                            "name": "mySubnet5",
                            "resource_group_name": "myResourceGroup5",
                            "service_endpoints.#": "0",
                            "virtual_network_name": "myVnet1"
                        },
                        "meta": {},
                        "tainted": false
                    },
                    "deposed": [],
                    "provider": "provider.azurerm"
                },
                "azurerm_virtual_machine.myterraformvm1.0": {
                    "type": "azurerm_virtual_machine",
                    "depends_on": [
                        "azurerm_network_interface.myterraformnic1.*",
                        "azurerm_resource_group.myterraformgroup",
                        "azurerm_storage_account.mystorageaccount"
                    ],
                    "primary": {
                        "id": "/subscriptions/483e3fb6-7be5-4715-b41c-f1f8f7d2dd2a/resourceGroups/myResourceGroup/providers/Microsoft.Compute/virtualMachines/myVM10",
                        "attributes": {
                            "boot_diagnostics.#": "1",
                            "boot_diagnostics.0.enabled": "true",
                            "boot_diagnostics.0.storage_uri": "https://diag2b1585ef7248f411.blob.core.windows.net/",
                            "delete_data_disks_on_termination": "false",
                            "delete_os_disk_on_termination": "false",
                            "id": "/subscriptions/483e3fb6-7be5-4715-b41c-f1f8f7d2dd2a/resourceGroups/myResourceGroup/providers/Microsoft.Compute/virtualMachines/myVM10",
                            "identity.#": "0",
                            "location": "eastus",
                            "name": "myVM10",
                            "network_interface_ids.#": "1",
                            "network_interface_ids.0": "/subscriptions/483e3fb6-7be5-4715-b41c-f1f8f7d2dd2a/resourceGroups/myResourceGroup/providers/Microsoft.Network/networkInterfaces/myNIC10",
                            "os_profile.#": "1",
                            "os_profile.1061332834.admin_password": "",
                            "os_profile.1061332834.admin_username": "stage",
                            "os_profile.1061332834.computer_name": "myvm10",
                            "os_profile.1061332834.custom_data": "",
                            "os_profile_linux_config.#": "1",
                            "os_profile_linux_config.69840937.disable_password_authentication": "true",
                            "os_profile_linux_config.69840937.ssh_keys.#": "1",
                            "os_profile_linux_config.69840937.ssh_keys.0.key_data": "ssh-rsa AAAAB3NzaC1yc2EAAAADAQABAAACAQCqu5EaKgdudSBeRB+gA5+suSH/sR4txx94UfOWmWVwJIsvLLX4T+cJurlgCdfZO3AJTZ2BijT9z6gPxB5sbsgiz2ngo3j5bJWyjSVqc8euDd0jWtN96UP3iGLZi8xlVjKU6/yKzGnrnN+WS+fxOe2Wy9QGFYvvo+v9TDIlm73uUHC4e4EzEDyNjKsoP/lQPZ1jI0Wq++1xbA8yohb5yQJE8flE0Q5f5zAXuD4pdYLvveuKD2cANQbpE0skFwkzQi4vU8el1QsULnQ/qVT1ZcEDWKkaBhPTVbre27MCLnO1a4SlV3dj8PUrJYgJZG9qWgC01mirFoJkNPyZ/p/DN7DNlWGeFBwCIzClrVx67XRUrKLcrY29J5cCiPDYCv3THh2CVCTtRALiI7Bd5YZM2WzFiOkdjpIMDY+VyQqcdO8M6UF2/kR4Y6kTiw5lW84RbLBINgXRVOD9IXhcMCNs3L5EPKym5x/ROH2XUbgtOpMlrk1ISTQ3uPutGnOesl3yB0lC1Mr+WZOE1s6zbp7CYVdoiVJHLFp7aP17WJ9PlAr+6oSw1BZtQCNIonOQF06D9vxva57nKvkCkXhRwl3x0Pfav9IateE6oAvIU60Ak7ViC7O5XRYCen8T4U+YqcZZWs4fUel8Y+WPLK7YKw0dnfZBIGVX+WTIcVE9KIEwPYWo9Q== your_email@example.com",
                            "os_profile_linux_config.69840937.ssh_keys.0.path": "/home/stage/.ssh/authorized_keys",
                            "os_profile_secrets.#": "0",
                            "resource_group_name": "myResourceGroup",
                            "storage_data_disk.#": "0",
                            "storage_image_reference.#": "1",
                            "storage_image_reference.363552096.id": "",
                            "storage_image_reference.363552096.offer": "UbuntuServer",
                            "storage_image_reference.363552096.publisher": "Canonical",
                            "storage_image_reference.363552096.sku": "16.04.0-LTS",
                            "storage_image_reference.363552096.version": "latest",
                            "storage_os_disk.#": "1",
                            "storage_os_disk.0.caching": "ReadWrite",
                            "storage_os_disk.0.create_option": "FromImage",
                            "storage_os_disk.0.disk_size_gb": "30",
                            "storage_os_disk.0.image_uri": "",
                            "storage_os_disk.0.managed_disk_id": "/subscriptions/483e3fb6-7be5-4715-b41c-f1f8f7d2dd2a/resourceGroups/myResourceGroup/providers/Microsoft.Compute/disks/myOsDisk10",
                            "storage_os_disk.0.managed_disk_type": "Premium_LRS",
                            "storage_os_disk.0.name": "myOsDisk10",
                            "storage_os_disk.0.os_type": "Linux",
                            "storage_os_disk.0.vhd_uri": "",
                            "storage_os_disk.0.write_accelerator_enabled": "false",
                            "tags.%": "1",
                            "tags.environment": "Terraform Demo",
                            "vm_size": "Standard_DS1_v2",
                            "zones.#": "0"
                        },
                        "meta": {},
                        "tainted": false
                    },
                    "deposed": [],
                    "provider": "provider.azurerm"
                },
                "azurerm_virtual_machine.myterraformvm1.1": {
                    "type": "azurerm_virtual_machine",
                    "depends_on": [
                        "azurerm_network_interface.myterraformnic1.*",
                        "azurerm_resource_group.myterraformgroup",
                        "azurerm_storage_account.mystorageaccount"
                    ],
                    "primary": {
                        "id": "/subscriptions/483e3fb6-7be5-4715-b41c-f1f8f7d2dd2a/resourceGroups/myResourceGroup/providers/Microsoft.Compute/virtualMachines/myVM11",
                        "attributes": {
                            "boot_diagnostics.#": "1",
                            "boot_diagnostics.0.enabled": "true",
                            "boot_diagnostics.0.storage_uri": "https://diag2b1585ef7248f411.blob.core.windows.net/",
                            "delete_data_disks_on_termination": "false",
                            "delete_os_disk_on_termination": "false",
                            "id": "/subscriptions/483e3fb6-7be5-4715-b41c-f1f8f7d2dd2a/resourceGroups/myResourceGroup/providers/Microsoft.Compute/virtualMachines/myVM11",
                            "identity.#": "0",
                            "location": "eastus",
                            "name": "myVM11",
                            "network_interface_ids.#": "1",
                            "network_interface_ids.0": "/subscriptions/483e3fb6-7be5-4715-b41c-f1f8f7d2dd2a/resourceGroups/myResourceGroup/providers/Microsoft.Network/networkInterfaces/myNIC11",
                            "os_profile.#": "1",
                            "os_profile.643405347.admin_password": "",
                            "os_profile.643405347.admin_username": "stage",
                            "os_profile.643405347.computer_name": "myvm11",
                            "os_profile.643405347.custom_data": "",
                            "os_profile_linux_config.#": "1",
                            "os_profile_linux_config.69840937.disable_password_authentication": "true",
                            "os_profile_linux_config.69840937.ssh_keys.#": "1",
                            "os_profile_linux_config.69840937.ssh_keys.0.key_data": "ssh-rsa AAAAB3NzaC1yc2EAAAADAQABAAACAQCqu5EaKgdudSBeRB+gA5+suSH/sR4txx94UfOWmWVwJIsvLLX4T+cJurlgCdfZO3AJTZ2BijT9z6gPxB5sbsgiz2ngo3j5bJWyjSVqc8euDd0jWtN96UP3iGLZi8xlVjKU6/yKzGnrnN+WS+fxOe2Wy9QGFYvvo+v9TDIlm73uUHC4e4EzEDyNjKsoP/lQPZ1jI0Wq++1xbA8yohb5yQJE8flE0Q5f5zAXuD4pdYLvveuKD2cANQbpE0skFwkzQi4vU8el1QsULnQ/qVT1ZcEDWKkaBhPTVbre27MCLnO1a4SlV3dj8PUrJYgJZG9qWgC01mirFoJkNPyZ/p/DN7DNlWGeFBwCIzClrVx67XRUrKLcrY29J5cCiPDYCv3THh2CVCTtRALiI7Bd5YZM2WzFiOkdjpIMDY+VyQqcdO8M6UF2/kR4Y6kTiw5lW84RbLBINgXRVOD9IXhcMCNs3L5EPKym5x/ROH2XUbgtOpMlrk1ISTQ3uPutGnOesl3yB0lC1Mr+WZOE1s6zbp7CYVdoiVJHLFp7aP17WJ9PlAr+6oSw1BZtQCNIonOQF06D9vxva57nKvkCkXhRwl3x0Pfav9IateE6oAvIU60Ak7ViC7O5XRYCen8T4U+YqcZZWs4fUel8Y+WPLK7YKw0dnfZBIGVX+WTIcVE9KIEwPYWo9Q== your_email@example.com",
                            "os_profile_linux_config.69840937.ssh_keys.0.path": "/home/stage/.ssh/authorized_keys",
                            "os_profile_secrets.#": "0",
                            "resource_group_name": "myResourceGroup",
                            "storage_data_disk.#": "0",
                            "storage_image_reference.#": "1",
                            "storage_image_reference.363552096.id": "",
                            "storage_image_reference.363552096.offer": "UbuntuServer",
                            "storage_image_reference.363552096.publisher": "Canonical",
                            "storage_image_reference.363552096.sku": "16.04.0-LTS",
                            "storage_image_reference.363552096.version": "latest",
                            "storage_os_disk.#": "1",
                            "storage_os_disk.0.caching": "ReadWrite",
                            "storage_os_disk.0.create_option": "FromImage",
                            "storage_os_disk.0.disk_size_gb": "30",
                            "storage_os_disk.0.image_uri": "",
                            "storage_os_disk.0.managed_disk_id": "/subscriptions/483e3fb6-7be5-4715-b41c-f1f8f7d2dd2a/resourceGroups/myResourceGroup/providers/Microsoft.Compute/disks/myOsDisk11",
                            "storage_os_disk.0.managed_disk_type": "Premium_LRS",
                            "storage_os_disk.0.name": "myOsDisk11",
                            "storage_os_disk.0.os_type": "Linux",
                            "storage_os_disk.0.vhd_uri": "",
                            "storage_os_disk.0.write_accelerator_enabled": "false",
                            "tags.%": "1",
                            "tags.environment": "Terraform Demo",
                            "vm_size": "Standard_DS1_v2",
                            "zones.#": "0"
                        },
                        "meta": {},
                        "tainted": false
                    },
                    "deposed": [],
                    "provider": "provider.azurerm"
                },
                "azurerm_virtual_machine.myterraformvm1.2": {
                    "type": "azurerm_virtual_machine",
                    "depends_on": [
                        "azurerm_network_interface.myterraformnic1.*",
                        "azurerm_resource_group.myterraformgroup",
                        "azurerm_storage_account.mystorageaccount"
                    ],
                    "primary": {
                        "id": "/subscriptions/483e3fb6-7be5-4715-b41c-f1f8f7d2dd2a/resourceGroups/myResourceGroup/providers/Microsoft.Compute/virtualMachines/myVM12",
                        "attributes": {
                            "boot_diagnostics.#": "1",
                            "boot_diagnostics.0.enabled": "true",
                            "boot_diagnostics.0.storage_uri": "https://diag2b1585ef7248f411.blob.core.windows.net/",
                            "delete_data_disks_on_termination": "false",
                            "delete_os_disk_on_termination": "false",
                            "id": "/subscriptions/483e3fb6-7be5-4715-b41c-f1f8f7d2dd2a/resourceGroups/myResourceGroup/providers/Microsoft.Compute/virtualMachines/myVM12",
                            "identity.#": "0",
                            "location": "eastus",
                            "name": "myVM12",
                            "network_interface_ids.#": "1",
                            "network_interface_ids.0": "/subscriptions/483e3fb6-7be5-4715-b41c-f1f8f7d2dd2a/resourceGroups/myResourceGroup/providers/Microsoft.Network/networkInterfaces/myNIC12",
                            "os_profile.#": "1",
                            "os_profile.225756640.admin_password": "",
                            "os_profile.225756640.admin_username": "stage",
                            "os_profile.225756640.computer_name": "myvm12",
                            "os_profile.225756640.custom_data": "",
                            "os_profile_linux_config.#": "1",
                            "os_profile_linux_config.69840937.disable_password_authentication": "true",
                            "os_profile_linux_config.69840937.ssh_keys.#": "1",
                            "os_profile_linux_config.69840937.ssh_keys.0.key_data": "ssh-rsa AAAAB3NzaC1yc2EAAAADAQABAAACAQCqu5EaKgdudSBeRB+gA5+suSH/sR4txx94UfOWmWVwJIsvLLX4T+cJurlgCdfZO3AJTZ2BijT9z6gPxB5sbsgiz2ngo3j5bJWyjSVqc8euDd0jWtN96UP3iGLZi8xlVjKU6/yKzGnrnN+WS+fxOe2Wy9QGFYvvo+v9TDIlm73uUHC4e4EzEDyNjKsoP/lQPZ1jI0Wq++1xbA8yohb5yQJE8flE0Q5f5zAXuD4pdYLvveuKD2cANQbpE0skFwkzQi4vU8el1QsULnQ/qVT1ZcEDWKkaBhPTVbre27MCLnO1a4SlV3dj8PUrJYgJZG9qWgC01mirFoJkNPyZ/p/DN7DNlWGeFBwCIzClrVx67XRUrKLcrY29J5cCiPDYCv3THh2CVCTtRALiI7Bd5YZM2WzFiOkdjpIMDY+VyQqcdO8M6UF2/kR4Y6kTiw5lW84RbLBINgXRVOD9IXhcMCNs3L5EPKym5x/ROH2XUbgtOpMlrk1ISTQ3uPutGnOesl3yB0lC1Mr+WZOE1s6zbp7CYVdoiVJHLFp7aP17WJ9PlAr+6oSw1BZtQCNIonOQF06D9vxva57nKvkCkXhRwl3x0Pfav9IateE6oAvIU60Ak7ViC7O5XRYCen8T4U+YqcZZWs4fUel8Y+WPLK7YKw0dnfZBIGVX+WTIcVE9KIEwPYWo9Q== your_email@example.com",
                            "os_profile_linux_config.69840937.ssh_keys.0.path": "/home/stage/.ssh/authorized_keys",
                            "os_profile_secrets.#": "0",
                            "resource_group_name": "myResourceGroup",
                            "storage_data_disk.#": "0",
                            "storage_image_reference.#": "1",
                            "storage_image_reference.363552096.id": "",
                            "storage_image_reference.363552096.offer": "UbuntuServer",
                            "storage_image_reference.363552096.publisher": "Canonical",
                            "storage_image_reference.363552096.sku": "16.04.0-LTS",
                            "storage_image_reference.363552096.version": "latest",
                            "storage_os_disk.#": "1",
                            "storage_os_disk.0.caching": "ReadWrite",
                            "storage_os_disk.0.create_option": "FromImage",
                            "storage_os_disk.0.disk_size_gb": "30",
                            "storage_os_disk.0.image_uri": "",
                            "storage_os_disk.0.managed_disk_id": "/subscriptions/483e3fb6-7be5-4715-b41c-f1f8f7d2dd2a/resourceGroups/myResourceGroup/providers/Microsoft.Compute/disks/myOsDisk12",
                            "storage_os_disk.0.managed_disk_type": "Premium_LRS",
                            "storage_os_disk.0.name": "myOsDisk12",
                            "storage_os_disk.0.os_type": "Linux",
                            "storage_os_disk.0.vhd_uri": "",
                            "storage_os_disk.0.write_accelerator_enabled": "false",
                            "tags.%": "1",
                            "tags.environment": "Terraform Demo",
                            "vm_size": "Standard_DS1_v2",
                            "zones.#": "0"
                        },
                        "meta": {},
                        "tainted": false
                    },
                    "deposed": [],
                    "provider": "provider.azurerm"
                },
                "azurerm_virtual_machine.myterraformvm5": {
                    "type": "azurerm_virtual_machine",
                    "depends_on": [
                        "azurerm_network_interface.myterraformnic5",
                        "azurerm_resource_group.myterraformgroup5",
                        "azurerm_storage_account.mystorageaccount"
                    ],
                    "primary": {
                        "id": "/subscriptions/483e3fb6-7be5-4715-b41c-f1f8f7d2dd2a/resourceGroups/myResourceGroup5/providers/Microsoft.Compute/virtualMachines/myVM5",
                        "attributes": {
                            "boot_diagnostics.#": "1",
                            "boot_diagnostics.0.enabled": "true",
                            "boot_diagnostics.0.storage_uri": "https://diag2b1585ef7248f411.blob.core.windows.net/",
                            "delete_data_disks_on_termination": "false",
                            "delete_os_disk_on_termination": "false",
                            "id": "/subscriptions/483e3fb6-7be5-4715-b41c-f1f8f7d2dd2a/resourceGroups/myResourceGroup5/providers/Microsoft.Compute/virtualMachines/myVM5",
                            "identity.#": "0",
                            "location": "westindia",
                            "name": "myVM5",
                            "network_interface_ids.#": "1",
                            "network_interface_ids.0": "/subscriptions/483e3fb6-7be5-4715-b41c-f1f8f7d2dd2a/resourceGroups/myResourceGroup5/providers/Microsoft.Network/networkInterfaces/myNIC5",
                            "os_profile.#": "1",
                            "os_profile.4288767600.admin_password": "",
                            "os_profile.4288767600.admin_username": "stage",
                            "os_profile.4288767600.computer_name": "myvm5",
                            "os_profile.4288767600.custom_data": "",
                            "os_profile_linux_config.#": "1",
                            "os_profile_linux_config.69840937.disable_password_authentication": "true",
                            "os_profile_linux_config.69840937.ssh_keys.#": "1",
                            "os_profile_linux_config.69840937.ssh_keys.0.key_data": "ssh-rsa AAAAB3NzaC1yc2EAAAADAQABAAACAQCqu5EaKgdudSBeRB+gA5+suSH/sR4txx94UfOWmWVwJIsvLLX4T+cJurlgCdfZO3AJTZ2BijT9z6gPxB5sbsgiz2ngo3j5bJWyjSVqc8euDd0jWtN96UP3iGLZi8xlVjKU6/yKzGnrnN+WS+fxOe2Wy9QGFYvvo+v9TDIlm73uUHC4e4EzEDyNjKsoP/lQPZ1jI0Wq++1xbA8yohb5yQJE8flE0Q5f5zAXuD4pdYLvveuKD2cANQbpE0skFwkzQi4vU8el1QsULnQ/qVT1ZcEDWKkaBhPTVbre27MCLnO1a4SlV3dj8PUrJYgJZG9qWgC01mirFoJkNPyZ/p/DN7DNlWGeFBwCIzClrVx67XRUrKLcrY29J5cCiPDYCv3THh2CVCTtRALiI7Bd5YZM2WzFiOkdjpIMDY+VyQqcdO8M6UF2/kR4Y6kTiw5lW84RbLBINgXRVOD9IXhcMCNs3L5EPKym5x/ROH2XUbgtOpMlrk1ISTQ3uPutGnOesl3yB0lC1Mr+WZOE1s6zbp7CYVdoiVJHLFp7aP17WJ9PlAr+6oSw1BZtQCNIonOQF06D9vxva57nKvkCkXhRwl3x0Pfav9IateE6oAvIU60Ak7ViC7O5XRYCen8T4U+YqcZZWs4fUel8Y+WPLK7YKw0dnfZBIGVX+WTIcVE9KIEwPYWo9Q== your_email@example.com",
                            "os_profile_linux_config.69840937.ssh_keys.0.path": "/home/stage/.ssh/authorized_keys",
                            "os_profile_secrets.#": "0",
                            "resource_group_name": "myResourceGroup5",
                            "storage_data_disk.#": "0",
                            "storage_image_reference.#": "1",
                            "storage_image_reference.363552096.id": "",
                            "storage_image_reference.363552096.offer": "UbuntuServer",
                            "storage_image_reference.363552096.publisher": "Canonical",
                            "storage_image_reference.363552096.sku": "16.04.0-LTS",
                            "storage_image_reference.363552096.version": "latest",
                            "storage_os_disk.#": "1",
                            "storage_os_disk.0.caching": "ReadWrite",
                            "storage_os_disk.0.create_option": "FromImage",
                            "storage_os_disk.0.disk_size_gb": "30",
                            "storage_os_disk.0.image_uri": "",
                            "storage_os_disk.0.managed_disk_id": "/subscriptions/483e3fb6-7be5-4715-b41c-f1f8f7d2dd2a/resourceGroups/myResourceGroup5/providers/Microsoft.Compute/disks/myOsDisk5",
                            "storage_os_disk.0.managed_disk_type": "Premium_LRS",
                            "storage_os_disk.0.name": "myOsDisk5",
                            "storage_os_disk.0.os_type": "Linux",
                            "storage_os_disk.0.vhd_uri": "",
                            "storage_os_disk.0.write_accelerator_enabled": "false",
                            "tags.%": "1",
                            "tags.environment": "Terraform Demo5",
                            "vm_size": "Standard_DS1_v2",
                            "zones.#": "0"
                        },
                        "meta": {},
                        "tainted": false
                    },
                    "deposed": [],
                    "provider": "provider.azurerm"
                },
                "azurerm_virtual_network.myterraformnetwork": {
                    "type": "azurerm_virtual_network",
                    "depends_on": [
                        "azurerm_resource_group.myterraformgroup"
                    ],
                    "primary": {
                        "id": "/subscriptions/483e3fb6-7be5-4715-b41c-f1f8f7d2dd2a/resourceGroups/myResourceGroup/providers/Microsoft.Network/virtualNetworks/myVnet1",
                        "attributes": {
                            "address_space.#": "1",
                            "address_space.0": "10.0.0.0/16",
                            "dns_servers.#": "0",
                            "id": "/subscriptions/483e3fb6-7be5-4715-b41c-f1f8f7d2dd2a/resourceGroups/myResourceGroup/providers/Microsoft.Network/virtualNetworks/myVnet1",
                            "location": "eastus",
                            "name": "myVnet1",
                            "resource_group_name": "myResourceGroup",
                            "subnet.#": "1",
                            "subnet.2077117380.address_prefix": "10.0.2.0/24",
                            "subnet.2077117380.name": "mySubnet",
                            "subnet.2077117380.security_group": "",
                            "tags.%": "1",
                            "tags.environment": "Terraform Demo"
                        },
                        "meta": {},
                        "tainted": false
                    },
                    "deposed": [],
                    "provider": "provider.azurerm"
                },
                "azurerm_virtual_network.myterraformnetwork5": {
                    "type": "azurerm_virtual_network",
                    "depends_on": [
                        "azurerm_resource_group.myterraformgroup5"
                    ],
                    "primary": {
                        "id": "/subscriptions/483e3fb6-7be5-4715-b41c-f1f8f7d2dd2a/resourceGroups/myResourceGroup5/providers/Microsoft.Network/virtualNetworks/myVnet1",
                        "attributes": {
                            "address_space.#": "1",
                            "address_space.0": "10.0.0.0/16",
                            "dns_servers.#": "0",
                            "id": "/subscriptions/483e3fb6-7be5-4715-b41c-f1f8f7d2dd2a/resourceGroups/myResourceGroup5/providers/Microsoft.Network/virtualNetworks/myVnet1",
                            "location": "westindia",
                            "name": "myVnet1",
                            "resource_group_name": "myResourceGroup5",
                            "subnet.#": "1",
                            "subnet.3632066833.address_prefix": "10.0.2.0/24",
                            "subnet.3632066833.name": "mySubnet5",
                            "subnet.3632066833.security_group": "",
                            "tags.%": "1",
                            "tags.environment": "Terraform Demo5"
                        },
                        "meta": {},
                        "tainted": false
                    },
                    "deposed": [],
                    "provider": "provider.azurerm"
                },
                "random_id.randomId": {
                    "type": "random_id",
                    "depends_on": [
                        "azurerm_resource_group.myterraformgroup"
                    ],
                    "primary": {
                        "id": "KxWF73JI9BE",
                        "attributes": {
                            "b64": "KxWF73JI9BE",
                            "b64_std": "KxWF73JI9BE=",
                            "b64_url": "KxWF73JI9BE",
                            "byte_length": "8",
                            "dec": "3104534781602886673",
                            "hex": "2b1585ef7248f411",
                            "id": "KxWF73JI9BE",
                            "keepers.%": "1",
                            "keepers.resource_group": "myResourceGroup"
                        },
                        "meta": {},
                        "tainted": false
                    },
                    "deposed": [],
                    "provider": "provider.random"
                },
                "random_id.randomId5": {
                    "type": "random_id",
                    "depends_on": [
                        "azurerm_resource_group.myterraformgroup5"
                    ],
                    "primary": {
                        "id": "YZ-6a0hsQYM",
                        "attributes": {
                            "b64": "YZ-6a0hsQYM",
                            "b64_std": "YZ+6a0hsQYM=",
                            "b64_url": "YZ-6a0hsQYM",
                            "byte_length": "8",
                            "dec": "7034546112915325315",
                            "hex": "619fba6b486c4183",
                            "id": "YZ-6a0hsQYM",
                            "keepers.%": "1",
                            "keepers.resource_group": "myResourceGroup5"
                        },
                        "meta": {},
                        "tainted": false
                    },
                    "deposed": [],
                    "provider": "provider.random"
                }
            },
            "depends_on": []
        }
    ]
}
